PODS:
  - FlutterMacOS (1.0.0)
  - rdc_bridge (0.0.1):
    - FlutterMacOS

DEPENDENCIES:
  - FlutterMacOS (from `Flutter/ephemeral`)
  - rdc_bridge (from `Flutter/ephemeral/.symlinks/plugins/rdc_bridge/macos`)

EXTERNAL SOURCES:
  FlutterMacOS:
    :path: Flutter/ephemeral
  rdc_bridge:
    :path: Flutter/ephemeral/.symlinks/plugins/rdc_bridge/macos

SPEC CHECKSUMS:
  FlutterMacOS: d0db08ddef1a9af05a5ec4b724367152bb0500b1
  rdc_bridge: 9be144c55f558ccc8cb867a73ab0343b3867055b

PODFILE CHECKSUM: 54d867c82ac51cbd61b565781b9fada492027009

COCOAPODS: 1.17.0
